
Microsoft Visual Studio Solution File, Format Version 12.00
# Visual Studio Version 17
VisualStudioVersion = 17.8.34330.188
MinimumVisualStudioVersion = 10.0.40219.1
Project("{9A19103F-16F7-4668-BE54-9A1E7A4F7556}") = "GMapDownloader", "GMapDownloader.csproj", "{E36BA927-6037-4383-89BE-28DA2E73B6B8}"
EndProject
Global
	GlobalSection(SolutionConfigurationPlatforms) = preSolution
		Debug|Any CPU = Debug|Any CPU
		Debug|x64 = Debug|x64
		Release|Any CPU = Release|Any CPU
		Release|x64 = Release|x64
	EndGlobalSection
	GlobalSection(ProjectConfigurationPlatforms) = postSolution
		{E36BA927-6037-4383-89BE-28DA2E73B6B8}.Debug|Any CPU.ActiveCfg = Debug|Any CPU
		{E36BA927-6037-4383-89BE-28DA2E73B6B8}.Debug|Any CPU.Build.0 = Debug|Any CPU
		{E36BA927-6037-4383-89BE-28DA2E73B6B8}.Debug|x64.ActiveCfg = Debug|x64
		{E36BA927-6037-4383-89BE-28DA2E73B6B8}.Debug|x64.Build.0 = Debug|x64
		{E36BA927-6037-4383-89BE-28DA2E73B6B8}.Release|Any CPU.ActiveCfg = Release|Any CPU
		{E36BA927-6037-4383-89BE-28DA2E73B6B8}.Release|Any CPU.Build.0 = Release|Any CPU
		{E36BA927-6037-4383-89BE-28DA2E73B6B8}.Release|x64.ActiveCfg = Release|x64
		{E36BA927-6037-4383-89BE-28DA2E73B6B8}.Release|x64.Build.0 = Release|x64
	EndGlobalSection
	GlobalSection(SolutionProperties) = preSolution
		HideSolutionNode = FALSE
	EndGlobalSection
	GlobalSection(ExtensibilityGlobals) = postSolution
		SolutionGuid = {4719D33C-E808-41B2-AA0F-DEF7418D99A5}
	EndGlobalSection
EndGlobal
